
Microsoft Visual Studio Solution File, Format Version 12.00
# Visual Studio Version 17
VisualStudioVersion = 17.4.33213.308
MinimumVisualStudioVersion = 10.0.40219.1
Project("{FAE04EC0-301F-11D3-BF4B-00C04F79EFBC}") = "NetworkTools", "NetworkTools\NetworkTools.csproj", "{C5CE8CB2-6C60-420B-B240-84CCEF3004DB}"
EndProject
Global
	GlobalSection(SolutionConfigurationPlatforms) = preSolution
		Debug|Any CPU = Debug|Any CPU
		Release|Any CPU = Release|Any CPU
	EndGlobalSection
	GlobalSection(ProjectConfigurationPlatforms) = postSolution
		{C5CE8CB2-6C60-420B-B240-84CCEF3004DB}.Debug|Any CPU.ActiveCfg = Debug|Any CPU
		{C5CE8CB2-6C60-420B-B240-84CCEF3004DB}.Debug|Any CPU.Build.0 = Debug|Any CPU
		{C5CE8CB2-6C60-420B-B240-84CCEF3004DB}.Release|Any CPU.ActiveCfg = Release|Any CPU
		{C5CE8CB2-6C60-420B-B240-84CCEF3004DB}.Release|Any CPU.Build.0 = Release|Any CPU
	EndGlobalSection
	GlobalSection(SolutionProperties) = preSolution
		HideSolutionNode = FALSE
	EndGlobalSection
	GlobalSection(ExtensibilityGlobals) = postSolution
		SolutionGuid = {5175E58A-DF93-44D5-93DD-2BDCEE571A1D}
	EndGlobalSection
EndGlobal
